lockfileVersion: '9.0'

settings:
  autoInstallPeers: true
  excludeLinksFromLockfile: false

importers:

  .:
    devDependencies:
      '@biomejs/biome':
        specifier: ^2.2.2
        version: 2.2.2
      '@igorskyflyer/biome-config':
        specifier: ^2.1.0
        version: 2.1.0(@biomejs/biome@2.2.2)
      '@types/node':
        specifier: ^22.18.0
        version: 22.18.0
      typescript:
        specifier: ^5.9.2
        version: 5.9.2

packages:

  '@biomejs/biome@2.2.2':
    resolution: {integrity: sha512-j1omAiQWCkhuLgwpMKisNKnsM6W8Xtt1l0WZmqY/dFj8QPNkIoTvk4tSsi40FaAAkBE1PU0AFG2RWFBWenAn+w==}
    engines: {node: '>=14.21.3'}
    hasBin: true

  '@biomejs/cli-darwin-arm64@2.2.2':
    resolution: {integrity: sha512-6ePfbCeCPryWu0CXlzsWNZgVz/kBEvHiPyNpmViSt6A2eoDf4kXs3YnwQPzGjy8oBgQulrHcLnJL0nkCh80mlQ==}
    engines: {node: '>=14.21.3'}
    cpu: [arm64]
    os: [darwin]

  '@biomejs/cli-darwin-x64@2.2.2':
    resolution: {integrity: sha512-Tn4JmVO+rXsbRslml7FvKaNrlgUeJot++FkvYIhl1OkslVCofAtS35MPlBMhXgKWF9RNr9cwHanrPTUUXcYGag==}
    engines: {node: '>=14.21.3'}
    cpu: [x64]
    os: [darwin]

  '@biomejs/cli-linux-arm64-musl@2.2.2':
    resolution: {integrity: sha512-/MhYg+Bd6renn6i1ylGFL5snYUn/Ct7zoGVKhxnro3bwekiZYE8Kl39BSb0MeuqM+72sThkQv4TnNubU9njQRw==}
    engines: {node: '>=14.21.3'}
    cpu: [arm64]
    os: [linux]

  '@biomejs/cli-linux-arm64@2.2.2':
    resolution: {integrity: sha512-JfrK3gdmWWTh2J5tq/rcWCOsImVyzUnOS2fkjhiYKCQ+v8PqM+du5cfB7G1kXas+7KQeKSWALv18iQqdtIMvzw==}
    engines: {node: '>=14.21.3'}
    cpu: [arm64]
    os: [linux]

  '@biomejs/cli-linux-x64-musl@2.2.2':
    resolution: {integrity: sha512-ZCLXcZvjZKSiRY/cFANKg+z6Fhsf9MHOzj+NrDQcM+LbqYRT97LyCLWy2AS+W2vP+i89RyRM+kbGpUzbRTYWig==}
    engines: {node: '>=14.21.3'}
    cpu: [x64]
    os: [linux]

  '@biomejs/cli-linux-x64@2.2.2':
    resolution: {integrity: sha512-Ogb+77edO5LEP/xbNicACOWVLt8mgC+E1wmpUakr+O4nKwLt9vXe74YNuT3T1dUBxC/SnrVmlzZFC7kQJEfquQ==}
    engines: {node: '>=14.21.3'}
    cpu: [x64]
    os: [linux]

  '@biomejs/cli-win32-arm64@2.2.2':
    resolution: {integrity: sha512-wBe2wItayw1zvtXysmHJQoQqXlTzHSpQRyPpJKiNIR21HzH/CrZRDFic1C1jDdp+zAPtqhNExa0owKMbNwW9cQ==}
    engines: {node: '>=14.21.3'}
    cpu: [arm64]
    os: [win32]

  '@biomejs/cli-win32-x64@2.2.2':
    resolution: {integrity: sha512-DAuHhHekGfiGb6lCcsT4UyxQmVwQiBCBUMwVra/dcOSs9q8OhfaZgey51MlekT3p8UwRqtXQfFuEJBhJNdLZwg==}
    engines: {node: '>=14.21.3'}
    cpu: [x64]
    os: [win32]

  '@igorskyflyer/biome-config@2.1.0':
    resolution: {integrity: sha512-sZ7K8tOMWNRAmirw94SUlsFdKwPS9DLZk63Y2Eb3gD3QMOE1KVb7ANd7MZaF/A20PwmXz9lMI5BYlqcpV1x+fA==}
    engines: {node: '>=22.0'}
    peerDependencies:
      '@biomejs/biome': ^2.2.2

  '@types/node@22.18.0':
    resolution: {integrity: sha512-m5ObIqwsUp6BZzyiy4RdZpzWGub9bqLJMvZDD0QMXhxjqMHMENlj+SqF5QxoUwaQNFe+8kz8XM8ZQhqkQPTgMQ==}

  typescript@5.9.2:
    resolution: {integrity: sha512-CWBzXQrc/qOkhidw1OzBTQuYRbfyxDXJMVJ1XNwUHGROVmuaeiEm3OslpZ1RV96d7SKKjZKrSJu3+t/xlw3R9A==}
    engines: {node: '>=14.17'}
    hasBin: true

  undici-types@6.21.0:
    resolution: {integrity: sha512-iwDZqg0QAGrg9Rav5H4n0M64c3mkR59cJ6wQp+7C4nI0gsmExaedaYLNO44eT4AtBBwjbTiGPMlt2Md0T9H9JQ==}

snapshots:

  '@biomejs/biome@2.2.2':
    optionalDependencies:
      '@biomejs/cli-darwin-arm64': 2.2.2
      '@biomejs/cli-darwin-x64': 2.2.2
      '@biomejs/cli-linux-arm64': 2.2.2
      '@biomejs/cli-linux-arm64-musl': 2.2.2
      '@biomejs/cli-linux-x64': 2.2.2
      '@biomejs/cli-linux-x64-musl': 2.2.2
      '@biomejs/cli-win32-arm64': 2.2.2
      '@biomejs/cli-win32-x64': 2.2.2

  '@biomejs/cli-darwin-arm64@2.2.2':
    optional: true

  '@biomejs/cli-darwin-x64@2.2.2':
    optional: true

  '@biomejs/cli-linux-arm64-musl@2.2.2':
    optional: true

  '@biomejs/cli-linux-arm64@2.2.2':
    optional: true

  '@biomejs/cli-linux-x64-musl@2.2.2':
    optional: true

  '@biomejs/cli-linux-x64@2.2.2':
    optional: true

  '@biomejs/cli-win32-arm64@2.2.2':
    optional: true

  '@biomejs/cli-win32-x64@2.2.2':
    optional: true

  '@igorskyflyer/biome-config@2.1.0(@biomejs/biome@2.2.2)':
    dependencies:
      '@biomejs/biome': 2.2.2

  '@types/node@22.18.0':
    dependencies:
      undici-types: 6.21.0

  typescript@5.9.2: {}

  undici-types@6.21.0: {}
